
Microsoft Visual Studio Solution File, Format Version 12.00
# Visual Studio Version 17
VisualStudioVersion = 17.6.33829.357
MinimumVisualStudioVersion = 10.0.40219.1
Project("{FAE04EC0-301F-11D3-BF4B-00C04F79EFBC}") = "Either", "Either\Either.csproj", "{A579874E-9652-4957-A455-E135582A9A25}"
EndProject
Project("{FAE04EC0-301F-11D3-BF4B-00C04F79EFBC}") = "Either.Tests", "Either.Tests\Either.Tests.csproj", "{7C2191E2-687D-4091-B386-09C551D63702}"
EndProject
Global
	GlobalSection(SolutionConfigurationPlatforms) = preSolution
		Debug|Any CPU = Debug|Any CPU
		Release|Any CPU = Release|Any CPU
	EndGlobalSection
	GlobalSection(ProjectConfigurationPlatforms) = postSolution
		{A579874E-9652-4957-A455-E135582A9A25}.Debug|Any CPU.ActiveCfg = Debug|Any CPU
		{A579874E-9652-4957-A455-E135582A9A25}.Debug|Any CPU.Build.0 = Debug|Any CPU
		{A579874E-9652-4957-A455-E135582A9A25}.Release|Any CPU.ActiveCfg = Release|Any CPU
		{A579874E-9652-4957-A455-E135582A9A25}.Release|Any CPU.Build.0 = Release|Any CPU
		{7C2191E2-687D-4091-B386-09C551D63702}.Debug|Any CPU.ActiveCfg = Debug|Any CPU
		{7C2191E2-687D-4091-B386-09C551D63702}.Debug|Any CPU.Build.0 = Debug|Any CPU
		{7C2191E2-687D-4091-B386-09C551D63702}.Release|Any CPU.ActiveCfg = Release|Any CPU
		{7C2191E2-687D-4091-B386-09C551D63702}.Release|Any CPU.Build.0 = Release|Any CPU
	EndGlobalSection
	GlobalSection(SolutionProperties) = preSolution
		HideSolutionNode = FALSE
	EndGlobalSection
	GlobalSection(ExtensibilityGlobals) = postSolution
		SolutionGuid = {7BB57B68-7469-4D8B-A9FE-3EE367A3C84E}
	EndGlobalSection
EndGlobal
